{
  "version": 4,
  "terraform_version": "1.5.7",
  "serial": 65,
  "lineage": "47ba0364-f3f3-af10-eca2-c7016da1c05c",
  "outputs": {},
  "resources": [
    {
      "mode": "data",
      "type": "archive_file",
      "name": "default",
      "provider": "provider[\"registry.terraform.io/hashicorp/archive\"]",
      "instances": [
        {
          "schema_version": 0,
          "attributes": {
            "exclude_symlink_directories": null,
            "excludes": null,
            "id": "abbf3c4c0b38c913f65dfc0726c698edefd524e7",
            "output_base64sha256": "Sqh/tg71pykWPo50yWEFFI9twWqasZBTkIKf6PNwziU=",
            "output_base64sha512": "YSihH0iEg8jJLi2c+p0c7GslnfmnX8ItxDFfifePZJMNUInLa6GZvvoxf+yMAu9/9YSTJ1skxKsVfg72ZmRznw==",
            "output_file_mode": null,
            "output_md5": "7e70c9cd59a1a7ac39274b6bb5232e9d",
            "output_path": "./myzip/python.zip",
            "output_sha": "abbf3c4c0b38c913f65dfc0726c698edefd524e7",
            "output_sha256": "4aa87fb60ef5a729163e8e74c96105148f6dc16a9ab1905390829fe8f370ce25",
            "output_sha512": "6128a11f488483c8c92e2d9cfa9d1cec6b259df9a75fc22dc4315f89f78f64930d5089cb6ba199befa317fec8c02ef7ff58493275b24c4ab157e0ef66664739f",
            "output_size": 26290676,
            "source": [],
            "source_content": null,
            "source_content_filename": null,
            "source_dir": "./../lambda/",
            "source_file": null,
            "type": "zip"
          },
          "sensitive_attributes": []
        }
      ]
    },
    {
      "mode": "managed",
      "type": "aws_cloudwatch_log_group",
      "name": "lambda_log_group",
      "provider": "provider[\"registry.terraform.io/hashicorp/aws\"]",
      "instances": [
        {
          "schema_version": 0,
          "attributes": {
            "arn": "arn:aws:logs:af-south-1:353274440914:log-group:/aws/lambda/incrementFunction",
            "id": "/aws/lambda/incrementFunction",
            "kms_key_id": "",
            "log_group_class": "STANDARD",
            "name": "/aws/lambda/incrementFunction",
            "name_prefix": "",
            "retention_in_days": 30,
            "skip_destroy": false,
            "tags": null,
            "tags_all": {}
          },
          "sensitive_attributes": [],
          "private": "bnVsbA==",
          "dependencies": [
            "aws_iam_role.lambda_role",
            "aws_iam_role_policy_attachment.policy_attach_dynamoDB",
            "aws_iam_role_policy_attachment.policy_attach_logging",
            "aws_lambda_function.incrementFunction"
          ]
        }
      ]
    },
    {
      "mode": "managed",
      "type": "aws_dynamodb_table",
      "name": "VisitorCount",
      "provider": "provider[\"registry.terraform.io/hashicorp/aws\"]",
      "instances": [
        {
          "schema_version": 1,
          "attributes": {
            "arn": "arn:aws:dynamodb:af-south-1:353274440914:table/VisitorCount",
            "attribute": [
              {
                "name": "id",
                "type": "S"
              }
            ],
            "billing_mode": "PROVISIONED",
            "deletion_protection_enabled": false,
            "global_secondary_index": [],
            "hash_key": "id",
            "id": "VisitorCount",
            "import_table": [],
            "local_secondary_index": [],
            "name": "VisitorCount",
            "on_demand_throughput": [],
            "point_in_time_recovery": [
              {
                "enabled": false
              }
            ],
            "range_key": null,
            "read_capacity": 10,
            "replica": [],
            "restore_date_time": null,
            "restore_source_name": null,
            "restore_source_table_arn": null,
            "restore_to_latest_time": null,
            "server_side_encryption": [],
            "stream_arn": "",
            "stream_enabled": false,
            "stream_label": "",
            "stream_view_type": "",
            "table_class": "STANDARD",
            "tags": {},
            "tags_all": {},
            "timeouts": null,
            "ttl": [
              {
                "attribute_name": "",
                "enabled": false
              }
            ],
            "write_capacity": 10
          },
          "sensitive_attributes": [],
          "private": "eyJlMmJmYjczMC1lY2FhLTExZTYtOGY4OC0zNDM2M2JjN2M0YzAiOnsiY3JlYXRlIjoxODAwMDAwMDAwMDAwLCJkZWxldGUiOjYwMDAwMDAwMDAwMCwidXBkYXRlIjozNjAwMDAwMDAwMDAwfSwic2NoZW1hX3ZlcnNpb24iOiIxIn0="
        }
      ]
    },
    {
      "mode": "managed",
      "type": "aws_iam_policy",
      "name": "lambda_dynamoDB",
      "provider": "provider[\"registry.terraform.io/hashicorp/aws\"]",
      "instances": [
        {
          "schema_version": 0,
          "attributes": {
            "arn": "arn:aws:iam::353274440914:policy/iam_policy_lambda_update_dynamoDB",
            "attachment_count": 1,
            "description": "IAM policy for updating DynamoDB table",
            "id": "arn:aws:iam::353274440914:policy/iam_policy_lambda_update_dynamoDB",
            "name": "iam_policy_lambda_update_dynamoDB",
            "name_prefix": "",
            "path": "/",
            "policy": "{\"Statement\":[{\"Action\":[\"dynamodb:GetItem\",\"dynamodb:UpdateItem\",\"dynamodb:PutItem\"],\"Effect\":\"Allow\",\"Resource\":\"arn:aws:dynamodb:af-south-1:353274440914:table/VisitorCount\"}],\"Version\":\"2012-10-17\"}",
            "policy_id": "ANPAVEQGMFTJH7TUXEW4A",
            "tags": {},
            "tags_all": {}
          },
          "sensitive_attributes": [],
          "private": "bnVsbA==",
          "dependencies": [
            "aws_dynamodb_table.VisitorCount"
          ]
        }
      ]
    },
    {
      "mode": "managed",
      "type": "aws_iam_policy",
      "name": "lambda_logging",
      "provider": "provider[\"registry.terraform.io/hashicorp/aws\"]",
      "instances": [
        {
          "schema_version": 0,
          "attributes": {
            "arn": "arn:aws:iam::353274440914:policy/iam_policy_lambda_logging_function",
            "attachment_count": 1,
            "description": "IAM policy for logging from a lambda",
            "id": "arn:aws:iam::353274440914:policy/iam_policy_lambda_logging_function",
            "name": "iam_policy_lambda_logging_function",
            "name_prefix": "",
            "path": "/",
            "policy": "{\"Statement\":[{\"Action\":[\"logs:CreateLogGroup\",\"logs:CreateLogStream\",\"logs:PutLogEvents\"],\"Effect\":\"Allow\",\"Resource\":\"arn:aws:logs:*:*:*\"}],\"Version\":\"2012-10-17\"}",
            "policy_id": "ANPAVEQGMFTJONBWAJPOT",
            "tags": {},
            "tags_all": {}
          },
          "sensitive_attributes": [],
          "private": "bnVsbA=="
        }
      ]
    },
    {
      "mode": "managed",
      "type": "aws_iam_role",
      "name": "lambda_role",
      "provider": "provider[\"registry.terraform.io/hashicorp/aws\"]",
      "instances": [
        {
          "schema_version": 0,
          "attributes": {
            "arn": "arn:aws:iam::353274440914:role/iam_role_lambda_function",
            "assume_role_policy": "{\"Statement\":[{\"Action\":\"sts:AssumeRole\",\"Effect\":\"Allow\",\"Principal\":{\"Service\":\"lambda.amazonaws.com\"},\"Sid\":\"\"}],\"Version\":\"2012-10-17\"}",
            "create_date": "2024-10-22T12:50:01Z",
            "description": "",
            "force_detach_policies": false,
            "id": "iam_role_lambda_function",
            "inline_policy": [],
            "managed_policy_arns": [
              "arn:aws:iam::353274440914:policy/iam_policy_lambda_logging_function",
              "arn:aws:iam::353274440914:policy/iam_policy_lambda_update_dynamoDB"
            ],
            "max_session_duration": 3600,
            "name": "iam_role_lambda_function",
            "name_prefix": "",
            "path": "/",
            "permissions_boundary": "",
            "tags": {},
            "tags_all": {},
            "unique_id": "AROAVEQGMFTJL2CJYV35V"
          },
          "sensitive_attributes": [],
          "private": "bnVsbA=="
        }
      ]
    },
    {
      "mode": "managed",
      "type": "aws_iam_role_policy_attachment",
      "name": "policy_attach_dynamoDB",
      "provider": "provider[\"registry.terraform.io/hashicorp/aws\"]",
      "instances": [
        {
          "schema_version": 0,
          "attributes": {
            "id": "iam_role_lambda_function-20241022125007845100000002",
            "policy_arn": "arn:aws:iam::353274440914:policy/iam_policy_lambda_update_dynamoDB",
            "role": "iam_role_lambda_function"
          },
          "sensitive_attributes": [],
          "private": "bnVsbA==",
          "dependencies": [
            "aws_dynamodb_table.VisitorCount",
            "aws_iam_policy.lambda_dynamoDB",
            "aws_iam_role.lambda_role"
          ]
        }
      ]
    },
    {
      "mode": "managed",
      "type": "aws_iam_role_policy_attachment",
      "name": "policy_attach_logging",
      "provider": "provider[\"registry.terraform.io/hashicorp/aws\"]",
      "instances": [
        {
          "schema_version": 0,
          "attributes": {
            "id": "iam_role_lambda_function-20241022125002379800000001",
            "policy_arn": "arn:aws:iam::353274440914:policy/iam_policy_lambda_logging_function",
            "role": "iam_role_lambda_function"
          },
          "sensitive_attributes": [],
          "private": "bnVsbA==",
          "dependencies": [
            "aws_iam_policy.lambda_logging",
            "aws_iam_role.lambda_role"
          ]
        }
      ]
    },
    {
      "mode": "managed",
      "type": "aws_lambda_function",
      "name": "incrementFunction",
      "provider": "provider[\"registry.terraform.io/hashicorp/aws\"]",
      "instances": [
        {
          "schema_version": 0,
          "attributes": {
            "architectures": [
              "x86_64"
            ],
            "arn": "arn:aws:lambda:af-south-1:353274440914:function:incrementFunction",
            "code_sha256": "2XlAVJ5MhMns/RIQHMO5Ost6RN5/mh4LIwBJgdQqZuk=",
            "code_signing_config_arn": "",
            "dead_letter_config": [],
            "description": "",
            "environment": [],
            "ephemeral_storage": [
              {
                "size": 512
              }
            ],
            "file_system_config": [],
            "filename": "/Users/juanviljoen/Source/cloud-resume/my-portfolio/lambda/function.zip",
            "function_name": "incrementFunction",
            "handler": "index.lambda_handler",
            "id": "incrementFunction",
            "image_config": [],
            "image_uri": "",
            "invoke_arn": "arn:aws:apigateway:af-south-1:lambda:path/2015-03-31/functions/arn:aws:lambda:af-south-1:353274440914:function:incrementFunction/invocations",
            "kms_key_arn": "",
            "last_modified": "2024-10-22T12:52:33.835+0000",
            "layers": null,
            "logging_config": [
              {
                "application_log_level": "",
                "log_format": "Text",
                "log_group": "/aws/lambda/incrementFunction",
                "system_log_level": ""
              }
            ],
            "memory_size": 128,
            "package_type": "Zip",
            "publish": false,
            "qualified_arn": "arn:aws:lambda:af-south-1:353274440914:function:incrementFunction:$LATEST",
            "qualified_invoke_arn": "arn:aws:apigateway:af-south-1:lambda:path/2015-03-31/functions/arn:aws:lambda:af-south-1:353274440914:function:incrementFunction:$LATEST/invocations",
            "replace_security_groups_on_destroy": null,
            "replacement_security_group_ids": null,
            "reserved_concurrent_executions": -1,
            "role": "arn:aws:iam::353274440914:role/iam_role_lambda_function",
            "runtime": "python3.8",
            "s3_bucket": null,
            "s3_key": null,
            "s3_object_version": null,
            "signing_job_arn": "",
            "signing_profile_version_arn": "",
            "skip_destroy": false,
            "snap_start": [],
            "source_code_hash": "",
            "source_code_size": 13523533,
            "tags": null,
            "tags_all": {},
            "timeout": 3,
            "timeouts": null,
            "tracing_config": [
              {
                "mode": "PassThrough"
              }
            ],
            "version": "$LATEST",
            "vpc_config": []
          },
          "sensitive_attributes": [],
          "private": "eyJlMmJmYjczMC1lY2FhLTExZTYtOGY4OC0zNDM2M2JjN2M0YzAiOnsiY3JlYXRlIjo2MDAwMDAwMDAwMDAsImRlbGV0ZSI6NjAwMDAwMDAwMDAwLCJ1cGRhdGUiOjYwMDAwMDAwMDAwMH19",
          "dependencies": [
            "aws_iam_role.lambda_role",
            "aws_iam_role_policy_attachment.policy_attach_dynamoDB",
            "aws_iam_role_policy_attachment.policy_attach_logging"
          ]
        }
      ]
    },
    {
      "mode": "managed",
      "type": "aws_lambda_function_url",
      "name": "increment_function_url",
      "provider": "provider[\"registry.terraform.io/hashicorp/aws\"]",
      "instances": [
        {
          "schema_version": 0,
          "attributes": {
            "authorization_type": "NONE",
            "cors": [],
            "function_arn": "arn:aws:lambda:af-south-1:353274440914:function:incrementFunction",
            "function_name": "incrementFunction",
            "function_url": "https://aaoc22lswzlyrvpszkzljf2ecy0hjqem.lambda-url.af-south-1.on.aws/",
            "id": "incrementFunction",
            "invoke_mode": "BUFFERED",
            "qualifier": "",
            "timeouts": null,
            "url_id": "aaoc22lswzlyrvpszkzljf2ecy0hjqem"
          },
          "sensitive_attributes": [],
          "private": "eyJlMmJmYjczMC1lY2FhLTExZTYtOGY4OC0zNDM2M2JjN2M0YzAiOnsiY3JlYXRlIjo2MDAwMDAwMDAwMDB9fQ==",
          "dependencies": [
            "aws_iam_role.lambda_role",
            "aws_iam_role_policy_attachment.policy_attach_dynamoDB",
            "aws_iam_role_policy_attachment.policy_attach_logging",
            "aws_lambda_function.incrementFunction"
          ]
        }
      ]
    },
    {
      "mode": "managed",
      "type": "aws_lambda_permission",
      "name": "allow_function_url",
      "provider": "provider[\"registry.terraform.io/hashicorp/aws\"]",
      "instances": [
        {
          "schema_version": 0,
          "attributes": {
            "action": "lambda:InvokeFunctionUrl",
            "event_source_token": "",
            "function_name": "incrementFunction",
            "function_url_auth_type": "NONE",
            "id": "AllowFunctionURL",
            "principal": "*",
            "principal_org_id": "",
            "qualifier": "",
            "source_account": "",
            "source_arn": null,
            "statement_id": "AllowFunctionURL",
            "statement_id_prefix": ""
          },
          "sensitive_attributes": [],
          "private": "bnVsbA==",
          "dependencies": [
            "aws_iam_role.lambda_role",
            "aws_iam_role_policy_attachment.policy_attach_dynamoDB",
            "aws_iam_role_policy_attachment.policy_attach_logging",
            "aws_lambda_function.incrementFunction"
          ]
        }
      ]
    }
  ],
  "check_results": null
}
